
Microsoft Visual Studio Solution File, Format Version 12.00
# Visual Studio Version 17
VisualStudioVersion = 17.0.31919.166
MinimumVisualStudioVersion = 10.0.40219.1
Project("{9A19103F-16F7-4668-BE54-9A1E7A4F7556}") = "Beep.DeveloperAssistant.Logic", "Beep.DeveloperAssistant.Logic\Beep.DeveloperAssistant.Logic.csproj", "{1B837D87-E734-486D-AEB3-61F9D86EED1E}"
EndProject
Project("{FAE04EC0-301F-11D3-BF4B-00C04F79EFBC}") = "Beep.DeveloperAssistant.Winform", "Beep.DeveloperAssistant.Winform\Beep.DeveloperAssistant.Winform.csproj", "{893BD7BD-AA94-4E3D-820E-702673BADC41}"
EndProject
Global
	GlobalSection(SolutionConfigurationPlatforms) = preSolution
		Debug|Any CPU = Debug|Any CPU
		Release|Any CPU = Release|Any CPU
	EndGlobalSection
	GlobalSection(ProjectConfigurationPlatforms) = postSolution
		{1B837D87-E734-486D-AEB3-61F9D86EED1E}.Debug|Any CPU.ActiveCfg = Debug|Any CPU
		{1B837D87-E734-486D-AEB3-61F9D86EED1E}.Debug|Any CPU.Build.0 = Debug|Any CPU
		{1B837D87-E734-486D-AEB3-61F9D86EED1E}.Release|Any CPU.ActiveCfg = Release|Any CPU
		{1B837D87-E734-486D-AEB3-61F9D86EED1E}.Release|Any CPU.Build.0 = Release|Any CPU
		{893BD7BD-AA94-4E3D-820E-702673BADC41}.Debug|Any CPU.ActiveCfg = Debug|Any CPU
		{893BD7BD-AA94-4E3D-820E-702673BADC41}.Debug|Any CPU.Build.0 = Debug|Any CPU
		{893BD7BD-AA94-4E3D-820E-702673BADC41}.Release|Any CPU.ActiveCfg = Release|Any CPU
		{893BD7BD-AA94-4E3D-820E-702673BADC41}.Release|Any CPU.Build.0 = Release|Any CPU
	EndGlobalSection
	GlobalSection(SolutionProperties) = preSolution
		HideSolutionNode = FALSE
	EndGlobalSection
	GlobalSection(ExtensibilityGlobals) = postSolution
		SolutionGuid = {080094DB-7666-459B-88F8-5F017533DAA6}
	EndGlobalSection
EndGlobal
